
Microsoft Visual Studio Solution File, Format Version 12.00
# Visual Studio Version 16
VisualStudioVersion = 16.0.28531.58
MinimumVisualStudioVersion = 10.0.40219.1
Project("{FAE04EC0-301F-11D3-BF4B-00C04F79EFBC}") = "Code.Challenges", "Code.Challenges\Code.Challenges.csproj", "{31BDC988-D5FE-4076-A318-B7DF7FD9EB25}"
EndProject
Project("{FAE04EC0-301F-11D3-BF4B-00C04F79EFBC}") = "Code.Challenges.Tests", "Code.Challenges.Tests\Code.Challenges.Tests.csproj", "{C97ED470-2ACD-4C4F-BC6C-E8EE0B18A48E}"
EndProject
Project("{FAE04EC0-301F-11D3-BF4B-00C04F79EFBC}") = "Code.Challenges.Lib", "Code.Challenges.Lib\Code.Challenges.Lib.csproj", "{9E64EDF4-48BD-41B0-A865-A1FBC1DB6B13}"
EndProject
Global
	GlobalSection(SolutionConfigurationPlatforms) = preSolution
		Debug|Any CPU = Debug|Any CPU
		Release|Any CPU = Release|Any CPU
	EndGlobalSection
	GlobalSection(ProjectConfigurationPlatforms) = postSolution
		{31BDC988-D5FE-4076-A318-B7DF7FD9EB25}.Debug|Any CPU.ActiveCfg = Debug|Any CPU
		{31BDC988-D5FE-4076-A318-B7DF7FD9EB25}.Debug|Any CPU.Build.0 = Debug|Any CPU
		{31BDC988-D5FE-4076-A318-B7DF7FD9EB25}.Release|Any CPU.ActiveCfg = Release|Any CPU
		{31BDC988-D5FE-4076-A318-B7DF7FD9EB25}.Release|Any CPU.Build.0 = Release|Any CPU
		{C97ED470-2ACD-4C4F-BC6C-E8EE0B18A48E}.Debug|Any CPU.ActiveCfg = Debug|Any CPU
		{C97ED470-2ACD-4C4F-BC6C-E8EE0B18A48E}.Debug|Any CPU.Build.0 = Debug|Any CPU
		{C97ED470-2ACD-4C4F-BC6C-E8EE0B18A48E}.Release|Any CPU.ActiveCfg = Release|Any CPU
		{C97ED470-2ACD-4C4F-BC6C-E8EE0B18A48E}.Release|Any CPU.Build.0 = Release|Any CPU
		{9E64EDF4-48BD-41B0-A865-A1FBC1DB6B13}.Debug|Any CPU.ActiveCfg = Debug|Any CPU
		{9E64EDF4-48BD-41B0-A865-A1FBC1DB6B13}.Debug|Any CPU.Build.0 = Debug|Any CPU
		{9E64EDF4-48BD-41B0-A865-A1FBC1DB6B13}.Release|Any CPU.ActiveCfg = Release|Any CPU
		{9E64EDF4-48BD-41B0-A865-A1FBC1DB6B13}.Release|Any CPU.Build.0 = Release|Any CPU
	EndGlobalSection
	GlobalSection(SolutionProperties) = preSolution
		HideSolutionNode = FALSE
	EndGlobalSection
	GlobalSection(ExtensibilityGlobals) = postSolution
		SolutionGuid = {B8BB9FA1-9743-4130-9E88-A48597EA6229}
	EndGlobalSection
EndGlobal
